
Microsoft Visual Studio Solution File, Format Version 12.00
# Visual Studio 15
Project("{FAE04EC0-301F-11D3-BF4B-00C04F79EFBC}") = "Assembly-CSharp", "Assembly-CSharp.csproj", "{A396C98C-5242-AB64-6A8E-8A3EFE00778B}"
EndProject
Global
	GlobalSection(SolutionConfigurationPlatforms) = preSolution
		Debug|Any CPU = Debug|Any CPU
		Release|Any CPU = Release|Any CPU
	EndGlobalSection
	GlobalSection(ProjectConfigurationPlatforms) = postSolution
		{A396C98C-5242-AB64-6A8E-8A3EFE00778B}.Debug|Any CPU.ActiveCfg = Debug|Any CPU
		{A396C98C-5242-AB64-6A8E-8A3EFE00778B}.Debug|Any CPU.Build.0 = Debug|Any CPU
		{A396C98C-5242-AB64-6A8E-8A3EFE00778B}.Release|Any CPU.ActiveCfg = Release|Any CPU
		{A396C98C-5242-AB64-6A8E-8A3EFE00778B}.Release|Any CPU.Build.0 = Release|Any CPU
	EndGlobalSection
	GlobalSection(SolutionProperties) = preSolution
		HideSolutionNode = FALSE
	EndGlobalSection
EndGlobal
